
Microsoft Visual Studio Solution File, Format Version 12.00
# Visual Studio Version 16
VisualStudioVersion = 16.0.31702.278
MinimumVisualStudioVersion = 10.0.40219.1
Project("{9A19103F-16F7-4668-BE54-9A1E7A4F7556}") = "GivingCircle.Api", "src\GivingCircle.Api\GivingCircle.Api.csproj", "{6F04322A-B8BD-41DE-8DCC-F0DD4EA8599E}"
EndProject
Project("{2150E333-8FDC-42A3-9474-1A3956D46DE8}") = "src", "src", "{7A8DDC36-6FCC-4040-9922-C51202072E90}"
EndProject
Project("{2150E333-8FDC-42A3-9474-1A3956D46DE8}") = "test", "test", "{C0A37AA7-4C78-4A33-9C8E-A2B95EF26DD6}"
EndProject
Project("{9A19103F-16F7-4668-BE54-9A1E7A4F7556}") = "GivingCircle.Api.UnitTest", "test\GivingCircle.Api.UnitTest\GivingCircle.Api.UnitTest.csproj", "{9C8B1D65-9EE1-4965-A17E-C602E29FEC0A}"
EndProject
Project("{9A19103F-16F7-4668-BE54-9A1E7A4F7556}") = "GivingCircle.Api.IntegrationTest", "test\GivingCircle.Api.IntegrationTest\GivingCircle.Api.IntegrationTest.csproj", "{7E847238-8AA4-4FC6-AE82-4CBC2F5884C3}"
EndProject
Project("{2150E333-8FDC-42A3-9474-1A3956D46DE8}") = "Solution Items", "Solution Items", "{BE18C2DC-DF16-403A-B4FD-B25AEAD8E2E9}"
	ProjectSection(SolutionItems) = preProject
		.gitignore = .gitignore
		README.md = README.md
		.github\workflows\test.yml = .github\workflows\test.yml
	EndProjectSection
EndProject
Project("{9A19103F-16F7-4668-BE54-9A1E7A4F7556}") = "GivingCircle.Api.Models", "src\GivingCircle.Api.Models\GivingCircle.Api.Models.csproj", "{02B15215-A228-417B-B81E-07E1FBF2A2AD}"
EndProject
Project("{9A19103F-16F7-4668-BE54-9A1E7A4F7556}") = "GivingCircle.Api.DataAccess", "src\GivingCircle.Api.DataAccess\GivingCircle.Api.DataAccess.csproj", "{96576EFD-0F04-4CD4-9A11-81CB42BF52CB}"
EndProject
Global
	GlobalSection(SolutionConfigurationPlatforms) = preSolution
		Debug|Any CPU = Debug|Any CPU
		Release|Any CPU = Release|Any CPU
	EndGlobalSection
	GlobalSection(ProjectConfigurationPlatforms) = postSolution
		{6F04322A-B8BD-41DE-8DCC-F0DD4EA8599E}.Debug|Any CPU.ActiveCfg = Debug|Any CPU
		{6F04322A-B8BD-41DE-8DCC-F0DD4EA8599E}.Debug|Any CPU.Build.0 = Debug|Any CPU
		{6F04322A-B8BD-41DE-8DCC-F0DD4EA8599E}.Release|Any CPU.ActiveCfg = Release|Any CPU
		{6F04322A-B8BD-41DE-8DCC-F0DD4EA8599E}.Release|Any CPU.Build.0 = Release|Any CPU
		{9C8B1D65-9EE1-4965-A17E-C602E29FEC0A}.Debug|Any CPU.ActiveCfg = Debug|Any CPU
		{9C8B1D65-9EE1-4965-A17E-C602E29FEC0A}.Debug|Any CPU.Build.0 = Debug|Any CPU
		{9C8B1D65-9EE1-4965-A17E-C602E29FEC0A}.Release|Any CPU.ActiveCfg = Release|Any CPU
		{9C8B1D65-9EE1-4965-A17E-C602E29FEC0A}.Release|Any CPU.Build.0 = Release|Any CPU
		{7E847238-8AA4-4FC6-AE82-4CBC2F5884C3}.Debug|Any CPU.ActiveCfg = Debug|Any CPU
		{7E847238-8AA4-4FC6-AE82-4CBC2F5884C3}.Debug|Any CPU.Build.0 = Debug|Any CPU
		{7E847238-8AA4-4FC6-AE82-4CBC2F5884C3}.Release|Any CPU.ActiveCfg = Release|Any CPU
		{7E847238-8AA4-4FC6-AE82-4CBC2F5884C3}.Release|Any CPU.Build.0 = Release|Any CPU
		{02B15215-A228-417B-B81E-07E1FBF2A2AD}.Debug|Any CPU.ActiveCfg = Debug|Any CPU
		{02B15215-A228-417B-B81E-07E1FBF2A2AD}.Debug|Any CPU.Build.0 = Debug|Any CPU
		{02B15215-A228-417B-B81E-07E1FBF2A2AD}.Release|Any CPU.ActiveCfg = Release|Any CPU
		{02B15215-A228-417B-B81E-07E1FBF2A2AD}.Release|Any CPU.Build.0 = Release|Any CPU
		{96576EFD-0F04-4CD4-9A11-81CB42BF52CB}.Debug|Any CPU.ActiveCfg = Debug|Any CPU
		{96576EFD-0F04-4CD4-9A11-81CB42BF52CB}.Debug|Any CPU.Build.0 = Debug|Any CPU
		{96576EFD-0F04-4CD4-9A11-81CB42BF52CB}.Release|Any CPU.ActiveCfg = Release|Any CPU
		{96576EFD-0F04-4CD4-9A11-81CB42BF52CB}.Release|Any CPU.Build.0 = Release|Any CPU
	EndGlobalSection
	GlobalSection(SolutionProperties) = preSolution
		HideSolutionNode = FALSE
	EndGlobalSection
	GlobalSection(NestedProjects) = preSolution
		{6F04322A-B8BD-41DE-8DCC-F0DD4EA8599E} = {7A8DDC36-6FCC-4040-9922-C51202072E90}
		{9C8B1D65-9EE1-4965-A17E-C602E29FEC0A} = {C0A37AA7-4C78-4A33-9C8E-A2B95EF26DD6}
		{7E847238-8AA4-4FC6-AE82-4CBC2F5884C3} = {C0A37AA7-4C78-4A33-9C8E-A2B95EF26DD6}
		{02B15215-A228-417B-B81E-07E1FBF2A2AD} = {7A8DDC36-6FCC-4040-9922-C51202072E90}
		{96576EFD-0F04-4CD4-9A11-81CB42BF52CB} = {7A8DDC36-6FCC-4040-9922-C51202072E90}
	EndGlobalSection
	GlobalSection(ExtensibilityGlobals) = postSolution
		SolutionGuid = {9817AEE4-3F85-4707-89EA-FE6CC9A15EF0}
	EndGlobalSection
EndGlobal
